Microsoft Visual Studio Solution File, Format Version 12.00
# Visual Studio Version 17
VisualStudioVersion = 17.5.2.0
MinimumVisualStudioVersion = 10.0.40219.1
Project("{FAE04EC0-301F-11D3-BF4B-00C04F79EFBC}") = "YoutubeChannelManager", "YoutubeChannelManager.csproj", "{5EE933BC-5433-314F-51E2-342EB827FD51}"
EndProject
Global
	GlobalSection(SolutionConfigurationPlatforms) = preSolution
		Debug|Any CPU = Debug|Any CPU
		Release|Any CPU = Release|Any CPU
	EndGlobalSection
	GlobalSection(ProjectConfigurationPlatforms) = postSolution
		{5EE933BC-5433-314F-51E2-342EB827FD51}.Debug|Any CPU.ActiveCfg = Debug|Any CPU
		{5EE933BC-5433-314F-51E2-342EB827FD51}.Debug|Any CPU.Build.0 = Debug|Any CPU
		{5EE933BC-5433-314F-51E2-342EB827FD51}.Release|Any CPU.ActiveCfg = Release|Any CPU
		{5EE933BC-5433-314F-51E2-342EB827FD51}.Release|Any CPU.Build.0 = Release|Any CPU
	EndGlobalSection
	GlobalSection(SolutionProperties) = preSolution
		HideSolutionNode = FALSE
	EndGlobalSection
	GlobalSection(ExtensibilityGlobals) = postSolution
		SolutionGuid = {5FFBF06E-B891-421A-BE07-A134A48D7597}
	EndGlobalSection
EndGlobal
